{
  "name": "Chat Project",
  "lockfileVersion": 3,
  "requires": true,
  "packages": {
    "": {
      "dependencies": {
        "@ckeditor/ckeditor5-build-classic": "^41.2.0"
      }
    },
    "node_modules/@ckeditor/ckeditor5-adapter-ckfinder": {
      "version": "41.2.0",
      "resolved": "https://registry.npmjs.org/@ckeditor/ckeditor5-adapter-ckfinder/-/ckeditor5-adapter-ckfinder-41.2.0.tgz",
      "integrity": "sha512-uzLKhtrMHyLY7JUYWSqXeI2b/0SBPbaF5VBk1S31HWtuYHKcqGXgNFjBJFWYXhfMgL2/BWL/9/mIqy2PI5aGEg==",
      "dependencies": {
        "ckeditor5": "41.2.0"
      }
    },
    "node_modules/@ckeditor/ckeditor5-autoformat": {
      "version": "41.2.0",
      "resolved": "https://registry.npmjs.org/@ckeditor/ckeditor5-autoformat/-/ckeditor5-autoformat-41.2.0.tgz",
      "integrity": "sha512-YMh1VHFnE5ReVzeovBvlminMcykVycVsIoEtUgBXiJ1LJ+wN+6ONL01YRgiXTyyrScNxWwXLU9fMKha+4K4KLQ==",
      "dependencies": {
        "ckeditor5": "41.2.0"
      }
    },
    "node_modules/@ckeditor/ckeditor5-basic-styles": {
      "version": "41.2.0",
      "resolved": "https://registry.npmjs.org/@ckeditor/ckeditor5-basic-styles/-/ckeditor5-basic-styles-41.2.0.tgz",
      "integrity": "sha512-zk0XsEpsogpJpAU9i3xugA7YKtHbZug9a+8C2I2zCATDwS5DLzvogILJ9VokbauSxlW04HPw6mT70xmPQmAkHw==",
      "dependencies": {
        "ckeditor5": "41.2.0"
      }
    },
    "node_modules/@ckeditor/ckeditor5-block-quote": {
      "version": "41.2.0",
      "resolved": "https://registry.npmjs.org/@ckeditor/ckeditor5-block-quote/-/ckeditor5-block-quote-41.2.0.tgz",
      "integrity": "sha512-IKZGJv8VJhcl68sy5Fi25SfKFFiz+3CHDPGig7caPZfEgOqqzKMEjtlF5UYTljjaW2StmkPXeLCJcptmL4+pNQ==",
      "dependencies": {
        "ckeditor5": "41.2.0"
      }
    },
    "node_modules/@ckeditor/ckeditor5-build-classic": {
      "version": "41.2.0",
      "resolved": "https://registry.npmjs.org/@ckeditor/ckeditor5-build-classic/-/ckeditor5-build-classic-41.2.0.tgz",
      "integrity": "sha512-6dfwRVyQpDuk5YQXzfkfYlVOqHUkVOFI5hznRLfbvQ133T62jZzH3xcZxD1DMAAalElKoVIMjv9zxd23f2hvSQ==",
      "dependencies": {
        "@ckeditor/ckeditor5-adapter-ckfinder": "41.2.0",
        "@ckeditor/ckeditor5-autoformat": "41.2.0",
        "@ckeditor/ckeditor5-basic-styles": "41.2.0",
        "@ckeditor/ckeditor5-block-quote": "41.2.0",
        "@ckeditor/ckeditor5-ckbox": "41.2.0",
        "@ckeditor/ckeditor5-ckfinder": "41.2.0",
        "@ckeditor/ckeditor5-cloud-services": "41.2.0",
        "@ckeditor/ckeditor5-easy-image": "41.2.0",
        "@ckeditor/ckeditor5-editor-classic": "41.2.0",
        "@ckeditor/ckeditor5-essentials": "41.2.0",
        "@ckeditor/ckeditor5-heading": "41.2.0",
        "@ckeditor/ckeditor5-image": "41.2.0",
        "@ckeditor/ckeditor5-indent": "41.2.0",
        "@ckeditor/ckeditor5-link": "41.2.0",
        "@ckeditor/ckeditor5-list": "41.2.0",
        "@ckeditor/ckeditor5-media-embed": "41.2.0",
        "@ckeditor/ckeditor5-paragraph": "41.2.0",
        "@ckeditor/ckeditor5-paste-from-office": "41.2.0",
        "@ckeditor/ckeditor5-table": "41.2.0",
        "@ckeditor/ckeditor5-typing": "41.2.0"
      }
    },
    "node_modules/@ckeditor/ckeditor5-ckbox": {
      "version": "41.2.0",
      "resolved": "https://registry.npmjs.org/@ckeditor/ckeditor5-ckbox/-/ckeditor5-ckbox-41.2.0.tgz",
      "integrity": "sha512-K2iQmkq3rlwe6sc6X8CACVDPE/+vae55FgXPw4gPpPURt23dSYBN6aQenZvkaYPWuuAxFPtnAYV+WOrwh4BM7A==",
      "dependencies": {
        "blurhash": "2.0.5",
        "ckeditor5": "41.2.0",
        "lodash-es": "4.17.21"
      }
    },
    "node_modules/@ckeditor/ckeditor5-ckfinder": {
      "version": "41.2.0",
      "resolved": "https://registry.npmjs.org/@ckeditor/ckeditor5-ckfinder/-/ckeditor5-ckfinder-41.2.0.tgz",
      "integrity": "sha512-Yky535zssY7kerdCga8gfpPYbT6+J/Dw6+byjW6MCgpFG5BuWscw4lqGqbQ3kkihqaGnWQV1VlGgQ0VFhsWGNQ==",
      "dependencies": {
        "ckeditor5": "41.2.0"
      }
    },
    "node_modules/@ckeditor/ckeditor5-clipboard": {
      "version": "41.2.0",
      "resolved": "https://registry.npmjs.org/@ckeditor/ckeditor5-clipboard/-/ckeditor5-clipboard-41.2.0.tgz",
      "integrity": "sha512-nHhkzLsi8g3kRzm6IcTvudUPG1QkipNvBuyt6qxYpEmjRHsrs8KzuLZxkTF289kHnuPlg2FBMjYQFgxVNVJkMQ==",
      "dependencies": {
        "@ckeditor/ckeditor5-core": "41.2.0",
        "@ckeditor/ckeditor5-engine": "41.2.0",
        "@ckeditor/ckeditor5-ui": "41.2.0",
        "@ckeditor/ckeditor5-utils": "41.2.0",
        "@ckeditor/ckeditor5-widget": "41.2.0",
        "lodash-es": "4.17.21"
      }
    },
    "node_modules/@ckeditor/ckeditor5-cloud-services": {
      "version": "41.2.0",
      "resolved": "https://registry.npmjs.org/@ckeditor/ckeditor5-cloud-services/-/ckeditor5-cloud-services-41.2.0.tgz",
      "integrity": "sha512-UywZNdGznlLd8icC3DbAyjL98TlcoWmaYOggt1QGyvw5dGGJJooq5mvqoJoR4uniWKjo2pU0FN466YtyA5gh7Q==",
      "dependencies": {
        "ckeditor5": "41.2.0"
      }
    },
    "node_modules/@ckeditor/ckeditor5-core": {
      "version": "41.2.0",
      "resolved": "https://registry.npmjs.org/@ckeditor/ckeditor5-core/-/ckeditor5-core-41.2.0.tgz",
      "integrity": "sha512-qTmz0kDzlIgyYe20eIuszXK5zABte7RY/bnGqjTYsmDOdjRx32pCtqfaVFAfYiXnOYfCKdJ6OWTqSBCgnOyJ3g==",
      "dependencies": {
        "@ckeditor/ckeditor5-engine": "41.2.0",
        "@ckeditor/ckeditor5-utils": "41.2.0",
        "lodash-es": "4.17.21"
      }
    },
    "node_modules/@ckeditor/ckeditor5-easy-image": {
      "version": "41.2.0",
      "resolved": "https://registry.npmjs.org/@ckeditor/ckeditor5-easy-image/-/ckeditor5-easy-image-41.2.0.tgz",
      "integrity": "sha512-Ppgcko34S72VBvs4u+pcLr5mYuZQ69y8Sr42EGz5EZZyioENws/xjEZ1LNwVG6aVXS9oJFd3W1d4I828vESihA==",
      "dependencies": {
        "ckeditor5": "41.2.0"
      }
    },
    "node_modules/@ckeditor/ckeditor5-editor-classic": {
      "version": "41.2.0",
      "resolved": "https://registry.npmjs.org/@ckeditor/ckeditor5-editor-classic/-/ckeditor5-editor-classic-41.2.0.tgz",
      "integrity": "sha512-pzOZwKA2OfgJaT96Vs6APseKjPNePV8MFXwF1ocI+7N3GmU4M09bAH2x7YmmJOQjjEc/s++e4jwxi/l6NhLKOA==",
      "dependencies": {
        "ckeditor5": "41.2.0",
        "lodash-es": "4.17.21"
      }
    },
    "node_modules/@ckeditor/ckeditor5-engine": {
      "version": "41.2.0",
      "resolved": "https://registry.npmjs.org/@ckeditor/ckeditor5-engine/-/ckeditor5-engine-41.2.0.tgz",
      "integrity": "sha512-LhCORB58H+MmalUM0mnV6BESRRUS/KQC0gy5gOQDu+IFQxK974ws01iU/vXobaKKiod6Be6RTuHrDhwtjczYDA==",
      "dependencies": {
        "@ckeditor/ckeditor5-utils": "41.2.0",
        "lodash-es": "4.17.21"
      }
    },
    "node_modules/@ckeditor/ckeditor5-enter": {
      "version": "41.2.0",
      "resolved": "https://registry.npmjs.org/@ckeditor/ckeditor5-enter/-/ckeditor5-enter-41.2.0.tgz",
      "integrity": "sha512-XrQ96vf7qMBl6XykHQ54JlJci7+s0uy9e7v30TGJOAJ5aJKJC4X1IHdsx7uaA11djokAGiZMR7gjTv2PoSKZJA==",
      "dependencies": {
        "@ckeditor/ckeditor5-core": "41.2.0",
        "@ckeditor/ckeditor5-engine": "41.2.0",
        "@ckeditor/ckeditor5-utils": "41.2.0"
      }
    },
    "node_modules/@ckeditor/ckeditor5-essentials": {
      "version": "41.2.0",
      "resolved": "https://registry.npmjs.org/@ckeditor/ckeditor5-essentials/-/ckeditor5-essentials-41.2.0.tgz",
      "integrity": "sha512-II+fOra2ymW9TkLBYsS+3ezz/3YGjcgFhtf+mt+PsIiGhy6paAsqBNySg8kUg3p+6NTGPv2bFA6iOlXBOnH3oQ==",
      "dependencies": {
        "ckeditor5": "41.2.0"
      }
    },
    "node_modules/@ckeditor/ckeditor5-heading": {
      "version": "41.2.0",
      "resolved": "https://registry.npmjs.org/@ckeditor/ckeditor5-heading/-/ckeditor5-heading-41.2.0.tgz",
      "integrity": "sha512-QCOh5z4jMYnBBvFUwQ4+GWL2+ClqYM/Pb/IeJE69R+VFpXXOR36v+0tZPOWc2Z2fxmhFDhArmwSzpBmPpSlyTQ==",
      "dependencies": {
        "ckeditor5": "41.2.0"
      }
    },
    "node_modules/@ckeditor/ckeditor5-image": {
      "version": "41.2.0",
      "resolved": "https://registry.npmjs.org/@ckeditor/ckeditor5-image/-/ckeditor5-image-41.2.0.tgz",
      "integrity": "sha512-TuLgFZWBlbMD5G6QMw18GvMtJKnY5Wd/Jn2HSoh/4tK2lKAb+LIdYTQ/yutSgY2U/3/u507HKg5GL8ktmyNtvw==",
      "dependencies": {
        "@ckeditor/ckeditor5-ui": "41.2.0",
        "ckeditor5": "41.2.0",
        "lodash-es": "4.17.21"
      }
    },
    "node_modules/@ckeditor/ckeditor5-indent": {
      "version": "41.2.0",
      "resolved": "https://registry.npmjs.org/@ckeditor/ckeditor5-indent/-/ckeditor5-indent-41.2.0.tgz",
      "integrity": "sha512-gJ7H3Kv5mCzdEBOx6EfXocHIZOJdECl7O/oFnpXJagqO5blbA3oXDoCjlNseQShv8I0zKYsTtqyA+ZZGTt1kYg==",
      "dependencies": {
        "ckeditor5": "41.2.0"
      }
    },
    "node_modules/@ckeditor/ckeditor5-link": {
      "version": "41.2.0",
      "resolved": "https://registry.npmjs.org/@ckeditor/ckeditor5-link/-/ckeditor5-link-41.2.0.tgz",
      "integrity": "sha512-NTjaPxroxfBTWY3u3lkjd61KTOr0DUEti/Zt+oUKYg07F3ey7DKJOJqs8pFqZMz1hI0Zd8K8ctavXyDIMPkNdQ==",
      "dependencies": {
        "@ckeditor/ckeditor5-ui": "41.2.0",
        "ckeditor5": "41.2.0",
        "lodash-es": "4.17.21"
      }
    },
    "node_modules/@ckeditor/ckeditor5-list": {
      "version": "41.2.0",
      "resolved": "https://registry.npmjs.org/@ckeditor/ckeditor5-list/-/ckeditor5-list-41.2.0.tgz",
      "integrity": "sha512-8dOmuo2jGvvjO/nVWUqE+rS3Xdu2nGQyjelisG2jHk2hyExNiJHcbI8rJafk7YHZM6meDTZAFsBuuxsUVRF14Q==",
      "dependencies": {
        "ckeditor5": "41.2.0"
      }
    },
    "node_modules/@ckeditor/ckeditor5-media-embed": {
      "version": "41.2.0",
      "resolved": "https://registry.npmjs.org/@ckeditor/ckeditor5-media-embed/-/ckeditor5-media-embed-41.2.0.tgz",
      "integrity": "sha512-cnW2Tt8uDL/r5rW0kqxae9vJsBEJJdpS9PHmNFrbLWVE5yTjw7m+UDEOAsGTi/EwSpHuKWA0tvHnEkyw7T7+ow==",
      "dependencies": {
        "@ckeditor/ckeditor5-ui": "41.2.0",
        "ckeditor5": "41.2.0"
      }
    },
    "node_modules/@ckeditor/ckeditor5-paragraph": {
      "version": "41.2.0",
      "resolved": "https://registry.npmjs.org/@ckeditor/ckeditor5-paragraph/-/ckeditor5-paragraph-41.2.0.tgz",
      "integrity": "sha512-18FSInPZFvPc1Rcq1tLCPnSq5/VhRncucHrnkJL000fjGtRkVyegKc/SHDdQJ9/UvxVqKu4xx3nMdFboDlO7MA==",
      "dependencies": {
        "@ckeditor/ckeditor5-core": "41.2.0",
        "@ckeditor/ckeditor5-ui": "41.2.0",
        "@ckeditor/ckeditor5-utils": "41.2.0"
      }
    },
    "node_modules/@ckeditor/ckeditor5-paste-from-office": {
      "version": "41.2.0",
      "resolved": "https://registry.npmjs.org/@ckeditor/ckeditor5-paste-from-office/-/ckeditor5-paste-from-office-41.2.0.tgz",
      "integrity": "sha512-q1JNioeg20or4baFQDIwjXNvKwY+KixYMWfWe5aSGTmWb3sUWXtp81/CF7FiX3ULqwdrhmHixFRggUx6oPhtOw==",
      "dependencies": {
        "ckeditor5": "41.2.0"
      }
    },
    "node_modules/@ckeditor/ckeditor5-select-all": {
      "version": "41.2.0",
      "resolved": "https://registry.npmjs.org/@ckeditor/ckeditor5-select-all/-/ckeditor5-select-all-41.2.0.tgz",
      "integrity": "sha512-edGf7TzCH2sWkScxMRSLmHWV6KWd9f0fDd1JEMY6J2/uFwQjBzGrUDlVm9Z6riYkp21BIMDtDfmi/VGN930W6Q==",
      "dependencies": {
        "@ckeditor/ckeditor5-core": "41.2.0",
        "@ckeditor/ckeditor5-ui": "41.2.0",
        "@ckeditor/ckeditor5-utils": "41.2.0"
      }
    },
    "node_modules/@ckeditor/ckeditor5-table": {
      "version": "41.2.0",
      "resolved": "https://registry.npmjs.org/@ckeditor/ckeditor5-table/-/ckeditor5-table-41.2.0.tgz",
      "integrity": "sha512-UusMhOjlj6U5CHZ3r9WAfaN/X/MxIXb468QRIxk+kh+Cl1uUw4nZP/5DzKkpOSHDYRncBKepHy5lElBMkyFMXg==",
      "dependencies": {
        "ckeditor5": "41.2.0",
        "lodash-es": "4.17.21"
      }
    },
    "node_modules/@ckeditor/ckeditor5-typing": {
      "version": "41.2.0",
      "resolved": "https://registry.npmjs.org/@ckeditor/ckeditor5-typing/-/ckeditor5-typing-41.2.0.tgz",
      "integrity": "sha512-ZNDxB9FNAdQ8+lKRD0fN1IjneTzR95AWRDsxqWQGxA3wU986nFrSlzfem0VroHZEGe1au2GWpyVMm6A9AlCMog==",
      "dependencies": {
        "@ckeditor/ckeditor5-core": "41.2.0",
        "@ckeditor/ckeditor5-engine": "41.2.0",
        "@ckeditor/ckeditor5-utils": "41.2.0",
        "lodash-es": "4.17.21"
      }
    },
    "node_modules/@ckeditor/ckeditor5-ui": {
      "version": "41.2.0",
      "resolved": "https://registry.npmjs.org/@ckeditor/ckeditor5-ui/-/ckeditor5-ui-41.2.0.tgz",
      "integrity": "sha512-CASRlcaUoxlIeRRe3H5HvC2gMqLjN1yUkVBj729stQnnvwK0TDwt2+pHJswjstJmYHJ8CiSDmsBph+mlAgTOOQ==",
      "dependencies": {
        "@ckeditor/ckeditor5-core": "41.2.0",
        "@ckeditor/ckeditor5-utils": "41.2.0",
        "color-convert": "2.0.1",
        "color-parse": "1.4.2",
        "lodash-es": "4.17.21",
        "vanilla-colorful": "0.7.2"
      }
    },
    "node_modules/@ckeditor/ckeditor5-undo": {
      "version": "41.2.0",
      "resolved": "https://registry.npmjs.org/@ckeditor/ckeditor5-undo/-/ckeditor5-undo-41.2.0.tgz",
      "integrity": "sha512-8+xipXSe2PfLjj/uP/mG914nbce0Oh+m6M/MDrhAMQy45RAIcpfTFBMhzWqpYD49LWnFsJ0jYWfhICI+Mk7s6A==",
      "dependencies": {
        "@ckeditor/ckeditor5-core": "41.2.0",
        "@ckeditor/ckeditor5-engine": "41.2.0",
        "@ckeditor/ckeditor5-ui": "41.2.0"
      }
    },
    "node_modules/@ckeditor/ckeditor5-upload": {
      "version": "41.2.0",
      "resolved": "https://registry.npmjs.org/@ckeditor/ckeditor5-upload/-/ckeditor5-upload-41.2.0.tgz",
      "integrity": "sha512-yEXnuldcs1L2V05CvpsNfLOZ9bTK5TN+90NQnUM07WiHgzT1jm69t9MCFTJrqg0HJLOVDeHqgT0EMrNVYODdew==",
      "dependencies": {
        "@ckeditor/ckeditor5-core": "41.2.0",
        "@ckeditor/ckeditor5-ui": "41.2.0",
        "@ckeditor/ckeditor5-utils": "41.2.0"
      }
    },
    "node_modules/@ckeditor/ckeditor5-utils": {
      "version": "41.2.0",
      "resolved": "https://registry.npmjs.org/@ckeditor/ckeditor5-utils/-/ckeditor5-utils-41.2.0.tgz",
      "integrity": "sha512-6hjVHb+oVtytP2LpVTex1KD939YmWx45lntLD1/q2ZenA4x+scZCoDpXBbhQ/9KBTpRs3ehrmPCN/hDN0fa9xg==",
      "dependencies": {
        "lodash-es": "4.17.21"
      }
    },
    "node_modules/@ckeditor/ckeditor5-watchdog": {
      "version": "41.2.0",
      "resolved": "https://registry.npmjs.org/@ckeditor/ckeditor5-watchdog/-/ckeditor5-watchdog-41.2.0.tgz",
      "integrity": "sha512-qhUGzUDdA8Bf5YkJv23db8dkY062I9yf+zZArbxdTj1HEwDo7WUf87Tb5Zg15ArYkYEF4htbqvFwrCf7dRfkjQ==",
      "dependencies": {
        "lodash-es": "4.17.21"
      }
    },
    "node_modules/@ckeditor/ckeditor5-widget": {
      "version": "41.2.0",
      "resolved": "https://registry.npmjs.org/@ckeditor/ckeditor5-widget/-/ckeditor5-widget-41.2.0.tgz",
      "integrity": "sha512-VR90m2Fud0VdxuyLfcEi2VoWEgFQlM7XNtSQprC+k7sX/1HJMo11vt3xdCSuovWX1vkSD3oqdJ9LTdoBssjA/w==",
      "dependencies": {
        "@ckeditor/ckeditor5-core": "41.2.0",
        "@ckeditor/ckeditor5-engine": "41.2.0",
        "@ckeditor/ckeditor5-enter": "41.2.0",
        "@ckeditor/ckeditor5-typing": "41.2.0",
        "@ckeditor/ckeditor5-ui": "41.2.0",
        "@ckeditor/ckeditor5-utils": "41.2.0",
        "lodash-es": "4.17.21"
      }
    },
    "node_modules/blurhash": {
      "version": "2.0.5",
      "resolved": "https://registry.npmjs.org/blurhash/-/blurhash-2.0.5.tgz",
      "integrity": "sha512-cRygWd7kGBQO3VEhPiTgq4Wc43ctsM+o46urrmPOiuAe+07fzlSB9OJVdpgDL0jPqXUVQ9ht7aq7kxOeJHRK+w=="
    },
    "node_modules/ckeditor5": {
      "version": "41.2.0",
      "resolved": "https://registry.npmjs.org/ckeditor5/-/ckeditor5-41.2.0.tgz",
      "integrity": "sha512-ClDoprmYovPWKDEzOHPRykRJxEM7PcvFn2Em6jfr45+W5hCZPyGWoNK+4ROIWPzy67vGV9mNIszVd5qGWl/ekg==",
      "dependencies": {
        "@ckeditor/ckeditor5-clipboard": "41.2.0",
        "@ckeditor/ckeditor5-core": "41.2.0",
        "@ckeditor/ckeditor5-engine": "41.2.0",
        "@ckeditor/ckeditor5-enter": "41.2.0",
        "@ckeditor/ckeditor5-paragraph": "41.2.0",
        "@ckeditor/ckeditor5-select-all": "41.2.0",
        "@ckeditor/ckeditor5-typing": "41.2.0",
        "@ckeditor/ckeditor5-ui": "41.2.0",
        "@ckeditor/ckeditor5-undo": "41.2.0",
        "@ckeditor/ckeditor5-upload": "41.2.0",
        "@ckeditor/ckeditor5-utils": "41.2.0",
        "@ckeditor/ckeditor5-watchdog": "41.2.0",
        "@ckeditor/ckeditor5-widget": "41.2.0"
      }
    },
    "node_modules/color-convert": {
      "version": "2.0.1",
      "resolved": "https://registry.npmjs.org/color-convert/-/color-convert-2.0.1.tgz",
      "integrity": "sha512-RRECPsj7iu/xb5oKYcsFHSppFNnsj/52OVTRKb4zP5onXwVF3zVmmToNcOfGC+CRDpfK/U584fMg38ZHCaElKQ==",
      "dependencies": {
        "color-name": "~1.1.4"
      },
      "engines": {
        "node": ">=7.0.0"
      }
    },
    "node_modules/color-name": {
      "version": "1.1.4",
      "resolved": "https://registry.npmjs.org/color-name/-/color-name-1.1.4.tgz",
      "integrity": "sha512-dOy+3AuW3a2wNbZHIuMZpTcgjGuLU/uBL/ubcZF9OXbDo8ff4O8yVp5Bf0efS8uEoYo5q4Fx7dY9OgQGXgAsQA=="
    },
    "node_modules/color-parse": {
      "version": "1.4.2",
      "resolved": "https://registry.npmjs.org/color-parse/-/color-parse-1.4.2.tgz",
      "integrity": "sha512-RI7s49/8yqDj3fECFZjUI1Yi0z/Gq1py43oNJivAIIDSyJiOZLfYCRQEgn8HEVAj++PcRe8AnL2XF0fRJ3BTnA==",
      "dependencies": {
        "color-name": "^1.0.0"
      }
    },
    "node_modules/lodash-es": {
      "version": "4.17.21",
      "resolved": "https://registry.npmjs.org/lodash-es/-/lodash-es-4.17.21.tgz",
      "integrity": "sha512-mKnC+QJ9pWVzv+C4/U3rRsHapFfHvQFoFB92e52xeyGMcX6/OlIl78je1u8vePzYZSkkogMPJ2yjxxsb89cxyw=="
    },
    "node_modules/vanilla-colorful": {
      "version": "0.7.2",
      "resolved": "https://registry.npmjs.org/vanilla-colorful/-/vanilla-colorful-0.7.2.tgz",
      "integrity": "sha512-z2YZusTFC6KnLERx1cgoIRX2CjPRP0W75N+3CC6gbvdX5Ch47rZkEMGO2Xnf+IEmi3RiFLxS18gayMA27iU7Kg=="
    }
  }
}
